
Microsoft Visual Studio Solution File, Format Version 12.00
# Visual Studio 15
VisualStudioVersion = 15.0.27703.2035
MinimumVisualStudioVersion = 10.0.40219.1
Project("{9A19103F-16F7-4668-BE54-9A1E7A4F7556}") = "Briver.Core", "Core\Briver.Core\Briver.Core.csproj", "{83C8A181-092F-4FF4-BF3E-D298C1459681}"
EndProject
Project("{2150E333-8FDC-42A3-9474-1A3956D46DE8}") = "3.Web", "3.Web", "{A0DFFFD5-DF97-427A-BB37-DD36A44401D0}"
EndProject
Project("{2150E333-8FDC-42A3-9474-1A3956D46DE8}") = "1.Core", "1.Core", "{6F6617F5-AB01-4562-B651-E86C4246301D}"
EndProject
Project("{2150E333-8FDC-42A3-9474-1A3956D46DE8}") = "2.Cli", "2.Cli", "{75E3C5B8-F329-40D8-98A1-14EDDE729ABD}"
EndProject
Project("{9A19103F-16F7-4668-BE54-9A1E7A4F7556}") = "Briver.Aspect", "Core\Briver.Aspect\Briver.Aspect.csproj", "{67DF7833-94F3-4616-BA7F-ECA84C2E4DF6}"
EndProject
Project("{9A19103F-16F7-4668-BE54-9A1E7A4F7556}") = "Briver.Logging", "Core\Briver.Logging\Briver.Logging.csproj", "{52EF60F4-FBAA-4765-80B5-EC6C56BB7C34}"
EndProject
Project("{9A19103F-16F7-4668-BE54-9A1E7A4F7556}") = "Briver.Web", "Web\Briver.Web\Briver.Web.csproj", "{201425E5-2D75-429F-A6A8-1246DF6B854D}"
EndProject
Project("{9A19103F-16F7-4668-BE54-9A1E7A4F7556}") = "Briver", "Cli\Briver\Briver.csproj", "{93D3DBBA-0D28-4541-9874-2AA748123897}"
EndProject
Project("{9A19103F-16F7-4668-BE54-9A1E7A4F7556}") = "Briver.PSLib", "Cli\Briver.PSLib\Briver.PSLib.csproj", "{7592366A-8B88-4CC5-89F5-B72B283B5A60}"
EndProject
Project("{9A19103F-16F7-4668-BE54-9A1E7A4F7556}") = "Briver.WebApp", "Web\Briver.WebApp\Briver.WebApp.csproj", "{5BCDB262-09F3-4D0B-9377-B0F15AC09EBF}"
EndProject
Project("{2150E333-8FDC-42A3-9474-1A3956D46DE8}") = "4.Svc", "4.Svc", "{D79D4202-49E2-4AE4-9D90-CE4D2A902EBD}"
EndProject
Project("{9A19103F-16F7-4668-BE54-9A1E7A4F7556}") = "Briver.Service", "Svc\Briver.Service\Briver.Service.csproj", "{D55BA854-BF5F-4924-9A97-DF373685C547}"
EndProject
Global
	GlobalSection(SolutionConfigurationPlatforms) = preSolution
		Debug|Any CPU = Debug|Any CPU
		Release|Any CPU = Release|Any CPU
	EndGlobalSection
	GlobalSection(ProjectConfigurationPlatforms) = postSolution
		{83C8A181-092F-4FF4-BF3E-D298C1459681}.Debug|Any CPU.ActiveCfg = Debug|Any CPU
		{83C8A181-092F-4FF4-BF3E-D298C1459681}.Debug|Any CPU.Build.0 = Debug|Any CPU
		{83C8A181-092F-4FF4-BF3E-D298C1459681}.Release|Any CPU.ActiveCfg = Release|Any CPU
		{83C8A181-092F-4FF4-BF3E-D298C1459681}.Release|Any CPU.Build.0 = Release|Any CPU
		{67DF7833-94F3-4616-BA7F-ECA84C2E4DF6}.Debug|Any CPU.ActiveCfg = Debug|Any CPU
		{67DF7833-94F3-4616-BA7F-ECA84C2E4DF6}.Debug|Any CPU.Build.0 = Debug|Any CPU
		{67DF7833-94F3-4616-BA7F-ECA84C2E4DF6}.Release|Any CPU.ActiveCfg = Release|Any CPU
		{67DF7833-94F3-4616-BA7F-ECA84C2E4DF6}.Release|Any CPU.Build.0 = Release|Any CPU
		{52EF60F4-FBAA-4765-80B5-EC6C56BB7C34}.Debug|Any CPU.ActiveCfg = Debug|Any CPU
		{52EF60F4-FBAA-4765-80B5-EC6C56BB7C34}.Debug|Any CPU.Build.0 = Debug|Any CPU
		{52EF60F4-FBAA-4765-80B5-EC6C56BB7C34}.Release|Any CPU.ActiveCfg = Release|Any CPU
		{52EF60F4-FBAA-4765-80B5-EC6C56BB7C34}.Release|Any CPU.Build.0 = Release|Any CPU
		{201425E5-2D75-429F-A6A8-1246DF6B854D}.Debug|Any CPU.ActiveCfg = Debug|Any CPU
		{201425E5-2D75-429F-A6A8-1246DF6B854D}.Debug|Any CPU.Build.0 = Debug|Any CPU
		{201425E5-2D75-429F-A6A8-1246DF6B854D}.Release|Any CPU.ActiveCfg = Release|Any CPU
		{201425E5-2D75-429F-A6A8-1246DF6B854D}.Release|Any CPU.Build.0 = Release|Any CPU
		{93D3DBBA-0D28-4541-9874-2AA748123897}.Debug|Any CPU.ActiveCfg = Debug|Any CPU
		{93D3DBBA-0D28-4541-9874-2AA748123897}.Debug|Any CPU.Build.0 = Debug|Any CPU
		{93D3DBBA-0D28-4541-9874-2AA748123897}.Release|Any CPU.ActiveCfg = Release|Any CPU
		{93D3DBBA-0D28-4541-9874-2AA748123897}.Release|Any CPU.Build.0 = Release|Any CPU
		{7592366A-8B88-4CC5-89F5-B72B283B5A60}.Debug|Any CPU.ActiveCfg = Debug|Any CPU
		{7592366A-8B88-4CC5-89F5-B72B283B5A60}.Debug|Any CPU.Build.0 = Debug|Any CPU
		{7592366A-8B88-4CC5-89F5-B72B283B5A60}.Release|Any CPU.ActiveCfg = Release|Any CPU
		{7592366A-8B88-4CC5-89F5-B72B283B5A60}.Release|Any CPU.Build.0 = Release|Any CPU
		{5BCDB262-09F3-4D0B-9377-B0F15AC09EBF}.Debug|Any CPU.ActiveCfg = Debug|Any CPU
		{5BCDB262-09F3-4D0B-9377-B0F15AC09EBF}.Debug|Any CPU.Build.0 = Debug|Any CPU
		{5BCDB262-09F3-4D0B-9377-B0F15AC09EBF}.Release|Any CPU.ActiveCfg = Release|Any CPU
		{5BCDB262-09F3-4D0B-9377-B0F15AC09EBF}.Release|Any CPU.Build.0 = Release|Any CPU
		{D55BA854-BF5F-4924-9A97-DF373685C547}.Debug|Any CPU.ActiveCfg = Debug|Any CPU
		{D55BA854-BF5F-4924-9A97-DF373685C547}.Debug|Any CPU.Build.0 = Debug|Any CPU
		{D55BA854-BF5F-4924-9A97-DF373685C547}.Release|Any CPU.ActiveCfg = Release|Any CPU
		{D55BA854-BF5F-4924-9A97-DF373685C547}.Release|Any CPU.Build.0 = Release|Any CPU
	EndGlobalSection
	GlobalSection(SolutionProperties) = preSolution
		HideSolutionNode = FALSE
	EndGlobalSection
	GlobalSection(NestedProjects) = preSolution
		{83C8A181-092F-4FF4-BF3E-D298C1459681} = {6F6617F5-AB01-4562-B651-E86C4246301D}
		{67DF7833-94F3-4616-BA7F-ECA84C2E4DF6} = {6F6617F5-AB01-4562-B651-E86C4246301D}
		{52EF60F4-FBAA-4765-80B5-EC6C56BB7C34} = {6F6617F5-AB01-4562-B651-E86C4246301D}
		{201425E5-2D75-429F-A6A8-1246DF6B854D} = {A0DFFFD5-DF97-427A-BB37-DD36A44401D0}
		{93D3DBBA-0D28-4541-9874-2AA748123897} = {75E3C5B8-F329-40D8-98A1-14EDDE729ABD}
		{7592366A-8B88-4CC5-89F5-B72B283B5A60} = {75E3C5B8-F329-40D8-98A1-14EDDE729ABD}
		{5BCDB262-09F3-4D0B-9377-B0F15AC09EBF} = {A0DFFFD5-DF97-427A-BB37-DD36A44401D0}
		{D55BA854-BF5F-4924-9A97-DF373685C547} = {D79D4202-49E2-4AE4-9D90-CE4D2A902EBD}
	EndGlobalSection
	GlobalSection(ExtensibilityGlobals) = postSolution
		SolutionGuid = {EA094A05-FDA3-431D-BF7D-F7AB8A0D27B0}
	EndGlobalSection
EndGlobal
