
Microsoft Visual Studio Solution File, Format Version 12.00
# Visual Studio 15
VisualStudioVersion = 15.0.27703.2035
MinimumVisualStudioVersion = 10.0.40219.1
Project("{9A19103F-16F7-4668-BE54-9A1E7A4F7556}") = "Briver.Core", "Briver.Core\Briver.Core.csproj", "{83C8A181-092F-4FF4-BF3E-D298C1459681}"
EndProject
Project("{9A19103F-16F7-4668-BE54-9A1E7A4F7556}") = "Briver.Cli", "Briver.Cli\Briver.Cli.csproj", "{001B548C-4A69-4711-84C5-70AFD5B440C0}"
EndProject
Global
	GlobalSection(SolutionConfigurationPlatforms) = preSolution
		Debug|Any CPU = Debug|Any CPU
		Release|Any CPU = Release|Any CPU
	EndGlobalSection
	GlobalSection(ProjectConfigurationPlatforms) = postSolution
		{83C8A181-092F-4FF4-BF3E-D298C1459681}.Debug|Any CPU.ActiveCfg = Debug|Any CPU
		{83C8A181-092F-4FF4-BF3E-D298C1459681}.Debug|Any CPU.Build.0 = Debug|Any CPU
		{83C8A181-092F-4FF4-BF3E-D298C1459681}.Release|Any CPU.ActiveCfg = Release|Any CPU
		{83C8A181-092F-4FF4-BF3E-D298C1459681}.Release|Any CPU.Build.0 = Release|Any CPU
		{D55BA854-BF5F-4924-9A97-DF373685C547}.Debug|Any CPU.ActiveCfg = Debug|Any CPU
		{D55BA854-BF5F-4924-9A97-DF373685C547}.Debug|Any CPU.Build.0 = Debug|Any CPU
		{D55BA854-BF5F-4924-9A97-DF373685C547}.Release|Any CPU.ActiveCfg = Release|Any CPU
		{D55BA854-BF5F-4924-9A97-DF373685C547}.Release|Any CPU.Build.0 = Release|Any CPU
		{DF975184-EBEE-440E-A5E2-84ECEA22072F}.Debug|Any CPU.ActiveCfg = Debug|Any CPU
		{DF975184-EBEE-440E-A5E2-84ECEA22072F}.Debug|Any CPU.Build.0 = Debug|Any CPU
		{DF975184-EBEE-440E-A5E2-84ECEA22072F}.Release|Any CPU.ActiveCfg = Release|Any CPU
		{DF975184-EBEE-440E-A5E2-84ECEA22072F}.Release|Any CPU.Build.0 = Release|Any CPU
		{001B548C-4A69-4711-84C5-70AFD5B440C0}.Debug|Any CPU.ActiveCfg = Debug|Any CPU
		{001B548C-4A69-4711-84C5-70AFD5B440C0}.Debug|Any CPU.Build.0 = Debug|Any CPU
		{001B548C-4A69-4711-84C5-70AFD5B440C0}.Release|Any CPU.ActiveCfg = Release|Any CPU
		{001B548C-4A69-4711-84C5-70AFD5B440C0}.Release|Any CPU.Build.0 = Release|Any CPU
	EndGlobalSection
	GlobalSection(SolutionProperties) = preSolution
		HideSolutionNode = FALSE
	EndGlobalSection
	GlobalSection(NestedProjects) = preSolution
		{83C8A181-092F-4FF4-BF3E-D298C1459681} = {6F6617F5-AB01-4562-B651-E86C4246301D}
		{D55BA854-BF5F-4924-9A97-DF373685C547} = {D79D4202-49E2-4AE4-9D90-CE4D2A902EBD}
		{DF975184-EBEE-440E-A5E2-84ECEA22072F} = {C7169B2E-6FD6-4D66-9131-8460D585CF58}
		{001B548C-4A69-4711-84C5-70AFD5B440C0} = {75E3C5B8-F329-40D8-98A1-14EDDE729ABD}
	EndGlobalSection
	GlobalSection(ExtensibilityGlobals) = postSolution
		SolutionGuid = {EA094A05-FDA3-431D-BF7D-F7AB8A0D27B0}
	EndGlobalSection
EndGlobal
